Microsoft Visual Studio Solution File, Format Version 12.00
# Visual Studio Version 17
VisualStudioVersion = 17.5.2.0
MinimumVisualStudioVersion = 10.0.40219.1
Project("{FAE04EC0-301F-11D3-BF4B-00C04F79EFBC}") = "Book Bro", "Book Bro.csproj", "{36E9D851-E7A6-8941-9136-6C00FD30ED45}"
EndProject
Global
	GlobalSection(SolutionConfigurationPlatforms) = preSolution
		Debug|Any CPU = Debug|Any CPU
		Release|Any CPU = Release|Any CPU
	EndGlobalSection
	GlobalSection(ProjectConfigurationPlatforms) = postSolution
		{36E9D851-E7A6-8941-9136-6C00FD30ED45}.Debug|Any CPU.ActiveCfg = Debug|Any CPU
		{36E9D851-E7A6-8941-9136-6C00FD30ED45}.Debug|Any CPU.Build.0 = Debug|Any CPU
		{36E9D851-E7A6-8941-9136-6C00FD30ED45}.Release|Any CPU.ActiveCfg = Release|Any CPU
		{36E9D851-E7A6-8941-9136-6C00FD30ED45}.Release|Any CPU.Build.0 = Release|Any CPU
	EndGlobalSection
	GlobalSection(SolutionProperties) = preSolution
		HideSolutionNode = FALSE
	EndGlobalSection
	GlobalSection(ExtensibilityGlobals) = postSolution
		SolutionGuid = {8297F9DD-74B8-4D8E-A6AD-C2119BC7936E}
	EndGlobalSection
EndGlobal
